
Microsoft Visual Studio Solution File, Format Version 12.00
# Visual Studio 15
VisualStudioVersion = 15.0.28010.2050
MinimumVisualStudioVersion = 10.0.40219.1
Project("{FAE04EC0-301F-11D3-BF4B-00C04F79EFBC}") = "GhettoYkushGui", "GhettoYkushGui\GhettoYkushGui.csproj", "{DFBA25B9-8C31-4122-8FB4-6CCB9FC50DA2}"
EndProject
Project("{FAE04EC0-301F-11D3-BF4B-00C04F79EFBC}") = "GhettoYKushGuiTest", "GhettoYKushGuiTest\GhettoYKushGuiTest.csproj", "{ADCE7E01-DC2A-42AA-8B26-3ECB50798680}"
EndProject
Global
	GlobalSection(SolutionConfigurationPlatforms) = preSolution
		Debug|Any CPU = Debug|Any CPU
		Release|Any CPU = Release|Any CPU
	EndGlobalSection
	GlobalSection(ProjectConfigurationPlatforms) = postSolution
		{DFBA25B9-8C31-4122-8FB4-6CCB9FC50DA2}.Debug|Any CPU.ActiveCfg = Debug|Any CPU
		{DFBA25B9-8C31-4122-8FB4-6CCB9FC50DA2}.Debug|Any CPU.Build.0 = Debug|Any CPU
		{DFBA25B9-8C31-4122-8FB4-6CCB9FC50DA2}.Release|Any CPU.ActiveCfg = Release|Any CPU
		{DFBA25B9-8C31-4122-8FB4-6CCB9FC50DA2}.Release|Any CPU.Build.0 = Release|Any CPU
		{ADCE7E01-DC2A-42AA-8B26-3ECB50798680}.Debug|Any CPU.ActiveCfg = Debug|Any CPU
		{ADCE7E01-DC2A-42AA-8B26-3ECB50798680}.Debug|Any CPU.Build.0 = Debug|Any CPU
		{ADCE7E01-DC2A-42AA-8B26-3ECB50798680}.Release|Any CPU.ActiveCfg = Release|Any CPU
		{ADCE7E01-DC2A-42AA-8B26-3ECB50798680}.Release|Any CPU.Build.0 = Release|Any CPU
	EndGlobalSection
	GlobalSection(SolutionProperties) = preSolution
		HideSolutionNode = FALSE
	EndGlobalSection
	GlobalSection(ExtensibilityGlobals) = postSolution
		SolutionGuid = {89796159-B085-4ED5-AA93-55F3932DFBC3}
	EndGlobalSection
EndGlobal
